{
  "name": "chai-markdown",
  "version": "1.0.0",
  "lockfileVersion": 2,
  "requires": true,
  "packages": {
    "": {
      "version": "1.0.0",
      "license": "ISC",
      "dependencies": {
        "angular": "~1.6.3",
        "angular-sanitize": "~1.6.3",
        "showdown": "~1.1.0"
      }
    },
    "node_modules/angular": {
      "version": "1.6.10",
      "resolved": "https://registry.npmjs.org/angular/-/angular-1.6.10.tgz",
      "integrity": "sha512-PCZ5/hVdvPQiYyH0VwsPjrErPHRcITnaXxhksceOXgtJeesKHLA7KDu4X/yvcAi+1zdGgGF+9pDxkJvghXI9Wg==",
      "deprecated": "For the actively supported Angular, see https://www.npmjs.com/package/@angular/core. AngularJS support has officially ended. For extended AngularJS support options, see https://goo.gle/angularjs-path-forward."
    },
    "node_modules/angular-sanitize": {
      "version": "1.6.10",
      "resolved": "https://registry.npmjs.org/angular-sanitize/-/angular-sanitize-1.6.10.tgz",
      "integrity": "sha512-01i1Xoq9ykUrsoYQMSB6dWZmPp9Df5hfCqMAGGzJBWZ7L2WY0OtUphdI0YvR8ZF9lAsWtGNtsEFilObjq5nTgQ==",
      "deprecated": "For the actively supported Angular, see https://www.npmjs.com/package/@angular/core. AngularJS support has officially ended. For extended AngularJS support options, see https://goo.gle/angularjs-path-forward."
    },
    "node_modules/showdown": {
      "version": "1.1.0",
      "resolved": "https://registry.npmjs.org/showdown/-/showdown-1.1.0.tgz",
      "integrity": "sha1-0emx2pFNjkDwiV4U+d+0xe5noWc="
    }
  },
  "dependencies": {
    "angular": {
      "version": "1.6.10",
      "resolved": "https://registry.npmjs.org/angular/-/angular-1.6.10.tgz",
      "integrity": "sha512-PCZ5/hVdvPQiYyH0VwsPjrErPHRcITnaXxhksceOXgtJeesKHLA7KDu4X/yvcAi+1zdGgGF+9pDxkJvghXI9Wg=="
    },
    "angular-sanitize": {
      "version": "1.6.10",
      "resolved": "https://registry.npmjs.org/angular-sanitize/-/angular-sanitize-1.6.10.tgz",
      "integrity": "sha512-01i1Xoq9ykUrsoYQMSB6dWZmPp9Df5hfCqMAGGzJBWZ7L2WY0OtUphdI0YvR8ZF9lAsWtGNtsEFilObjq5nTgQ=="
    },
    "showdown": {
      "version": "1.1.0",
      "resolved": "https://registry.npmjs.org/showdown/-/showdown-1.1.0.tgz",
      "integrity": "sha1-0emx2pFNjkDwiV4U+d+0xe5noWc="
    }
  }
}
